<?xml version="1.0" encoding="utf-8"?>
<Project ToolsVersion="4.0" xmlns="http://schemas.microsoft.com/developer/msbuild/2003">
  <ItemGroup>
    <ClCompile Include="..\PDParser\PDparser.cpp">
      <Filter>Source Files</Filter>
    </ClCompile>
    <ClCompile Include="..\PDParser\utilities.cpp">
      <Filter>Source Files</Filter>
    </ClCompile>
    <ClCompile Include="utilities_Gurobi.cpp">
      <Filter>Source Files</Filter>
    </ClCompile>
    <ClCompile Include="transcribe2Gurobi.cpp">
      <Filter>Source Files</Filter>
    </ClCompile>
    <ClCompile Include="computes_Gurobi.cpp">
      <Filter>Source Files</Filter>
    </ClCompile>
    <ClCompile Include="..\ERfromPD.cpp">
      <Filter>Source Files</Filter>
    </ClCompile>
    <ClCompile Include="transcribe2Gurobi_tester.cpp" />
  </ItemGroup>
  <ItemGroup>
    <ClInclude Include="..\PDParser\utilities.h">
      <Filter>Header Files</Filter>
    </ClInclude>
    <ClInclude Include="utilities_Gurobi.h">
      <Filter>Header Files</Filter>
    </ClInclude>
    <ClInclude Include="transcribe2Gurobi.h">
      <Filter>Header Files</Filter>
    </ClInclude>
    <ClInclude Include="..\ERfromPD.h">
      <Filter>Header Files</Filter>
    </ClInclude>
    <ClInclude Include="computes_Gurobi.h">
      <Filter>Header Files</Filter>
    </ClInclude>
  </ItemGroup>
  <ItemGroup>
    <Filter Include="Header Files">
      <UniqueIdentifier>{0ca0c5ce-9e11-4f6c-b7ba-5fc91218e9c1}</UniqueIdentifier>
    </Filter>
    <Filter Include="Source Files">
      <UniqueIdentifier>{29dfe93e-4a9b-4d3b-aaf7-e56df5f44f3f}</UniqueIdentifier>
    </Filter>
  </ItemGroup>
</Project>